
Microsoft Visual Studio Solution File, Format Version 12.00
# Visual Studio Version 17
VisualStudioVersion = 17.1.31911.260
MinimumVisualStudioVersion = 10.0.40219.1
Project("{9A19103F-16F7-4668-BE54-9A1E7A4F7556}") = "EdTools", "EdTools\EdTools.csproj", "{F93F3166-A3BF-45AB-855C-D52F41DA615D}"
EndProject
Project("{9A19103F-16F7-4668-BE54-9A1E7A4F7556}") = "CSharpDiscordWebhook.NET", "D:\Documents\VS Studio\CSharpDiscordWebhook-master\CSharpDiscordWebhook.NET\CSharpDiscordWebhook.NET.csproj", "{126D2484-9DFA-4010-8747-A9B34CBDC172}"
EndProject
Project("{9A19103F-16F7-4668-BE54-9A1E7A4F7556}") = "CarrierAnnouncer", "CarrierAnnouncer\CarrierAnnouncer.csproj", "{288AAFA6-9FBF-4879-9E12-495668638C42}"
EndProject
Project("{9A19103F-16F7-4668-BE54-9A1E7A4F7556}") = "RtcLib", "..\RtcLib\RtcLib\RtcLib.csproj", "{CBD8E83C-DF32-456A-A2CE-660214408473}"
EndProject
Project("{9A19103F-16F7-4668-BE54-9A1E7A4F7556}") = "BodyValueChecker", "BodyValueChecker\BodyValueChecker.csproj", "{845BACE4-EAF7-4C92-9643-AA5F216EEA0B}"
EndProject
Project("{9A19103F-16F7-4668-BE54-9A1E7A4F7556}") = "EDChatTranslator", "EDChatTranslator\EDChatTranslator.csproj", "{27459FC2-A7D6-404F-B664-89F93CD6E26F}"
EndProject
Project("{9A19103F-16F7-4668-BE54-9A1E7A4F7556}") = "EdChatExtractor", "EdChatExtractor\EdChatExtractor.csproj", "{16084CF0-989E-49E0-81C4-5A4CC7D3EDE7}"
EndProject
Project("{9A19103F-16F7-4668-BE54-9A1E7A4F7556}") = "CoriolisBackupAssistant", "CoriolisBackupAssistant\CoriolisBackupAssistant.csproj", "{D9683408-BCAB-478A-B514-E82C2D9F80FF}"
EndProject
Global
	GlobalSection(SolutionConfigurationPlatforms) = preSolution
		Debug|Any CPU = Debug|Any CPU
		Debug|x64 = Debug|x64
		Debug|x86 = Debug|x86
		DebugDN|Any CPU = DebugDN|Any CPU
		DebugDN|x64 = DebugDN|x64
		DebugDN|x86 = DebugDN|x86
		DebugDNF|Any CPU = DebugDNF|Any CPU
		DebugDNF|x64 = DebugDNF|x64
		DebugDNF|x86 = DebugDNF|x86
		DebugDotNetFramework|Any CPU = DebugDotNetFramework|Any CPU
		DebugDotNetFramework|x64 = DebugDotNetFramework|x64
		DebugDotNetFramework|x86 = DebugDotNetFramework|x86
		DebugFULL|Any CPU = DebugFULL|Any CPU
		DebugFULL|x64 = DebugFULL|x64
		DebugFULL|x86 = DebugFULL|x86
		Release|Any CPU = Release|Any CPU
		Release|x64 = Release|x64
		Release|x86 = Release|x86
	EndGlobalSection
	GlobalSection(ProjectConfigurationPlatforms) = postSolution
		{F93F3166-A3BF-45AB-855C-D52F41DA615D}.Debug|Any CPU.ActiveCfg = Debug|Any CPU
		{F93F3166-A3BF-45AB-855C-D52F41DA615D}.Debug|Any CPU.Build.0 = Debug|Any CPU
		{F93F3166-A3BF-45AB-855C-D52F41DA615D}.Debug|x64.ActiveCfg = Debug|Any CPU
		{F93F3166-A3BF-45AB-855C-D52F41DA615D}.Debug|x64.Build.0 = Debug|Any CPU
		{F93F3166-A3BF-45AB-855C-D52F41DA615D}.Debug|x86.ActiveCfg = Debug|Any CPU
		{F93F3166-A3BF-45AB-855C-D52F41DA615D}.Debug|x86.Build.0 = Debug|Any CPU
		{F93F3166-A3BF-45AB-855C-D52F41DA615D}.DebugDN|Any CPU.ActiveCfg = Debug|Any CPU
		{F93F3166-A3BF-45AB-855C-D52F41DA615D}.DebugDN|Any CPU.Build.0 = Debug|Any CPU
		{F93F3166-A3BF-45AB-855C-D52F41DA615D}.DebugDN|x64.ActiveCfg = Debug|Any CPU
		{F93F3166-A3BF-45AB-855C-D52F41DA615D}.DebugDN|x64.Build.0 = Debug|Any CPU
		{F93F3166-A3BF-45AB-855C-D52F41DA615D}.DebugDN|x86.ActiveCfg = Debug|Any CPU
		{F93F3166-A3BF-45AB-855C-D52F41DA615D}.DebugDN|x86.Build.0 = Debug|Any CPU
		{F93F3166-A3BF-45AB-855C-D52F41DA615D}.DebugDNF|Any CPU.ActiveCfg = Debug|Any CPU
		{F93F3166-A3BF-45AB-855C-D52F41DA615D}.DebugDNF|Any CPU.Build.0 = Debug|Any CPU
		{F93F3166-A3BF-45AB-855C-D52F41DA615D}.DebugDNF|x64.ActiveCfg = Debug|Any CPU
		{F93F3166-A3BF-45AB-855C-D52F41DA615D}.DebugDNF|x64.Build.0 = Debug|Any CPU
		{F93F3166-A3BF-45AB-855C-D52F41DA615D}.DebugDNF|x86.ActiveCfg = Debug|Any CPU
		{F93F3166-A3BF-45AB-855C-D52F41DA615D}.DebugDNF|x86.Build.0 = Debug|Any CPU
		{F93F3166-A3BF-45AB-855C-D52F41DA615D}.DebugDotNetFramework|Any CPU.ActiveCfg = Debug|Any CPU
		{F93F3166-A3BF-45AB-855C-D52F41DA615D}.DebugDotNetFramework|Any CPU.Build.0 = Debug|Any CPU
		{F93F3166-A3BF-45AB-855C-D52F41DA615D}.DebugDotNetFramework|x64.ActiveCfg = Debug|Any CPU
		{F93F3166-A3BF-45AB-855C-D52F41DA615D}.DebugDotNetFramework|x64.Build.0 = Debug|Any CPU
		{F93F3166-A3BF-45AB-855C-D52F41DA615D}.DebugDotNetFramework|x86.ActiveCfg = Debug|Any CPU
		{F93F3166-A3BF-45AB-855C-D52F41DA615D}.DebugDotNetFramework|x86.Build.0 = Debug|Any CPU
		{F93F3166-A3BF-45AB-855C-D52F41DA615D}.DebugFULL|Any CPU.ActiveCfg = Debug|Any CPU
		{F93F3166-A3BF-45AB-855C-D52F41DA615D}.DebugFULL|Any CPU.Build.0 = Debug|Any CPU
		{F93F3166-A3BF-45AB-855C-D52F41DA615D}.DebugFULL|x64.ActiveCfg = Debug|Any CPU
		{F93F3166-A3BF-45AB-855C-D52F41DA615D}.DebugFULL|x64.Build.0 = Debug|Any CPU
		{F93F3166-A3BF-45AB-855C-D52F41DA615D}.DebugFULL|x86.ActiveCfg = Debug|Any CPU
		{F93F3166-A3BF-45AB-855C-D52F41DA615D}.DebugFULL|x86.Build.0 = Debug|Any CPU
		{F93F3166-A3BF-45AB-855C-D52F41DA615D}.Release|Any CPU.ActiveCfg = Release|Any CPU
		{F93F3166-A3BF-45AB-855C-D52F41DA615D}.Release|Any CPU.Build.0 = Release|Any CPU
		{F93F3166-A3BF-45AB-855C-D52F41DA615D}.Release|x64.ActiveCfg = Release|Any CPU
		{F93F3166-A3BF-45AB-855C-D52F41DA615D}.Release|x64.Build.0 = Release|Any CPU
		{F93F3166-A3BF-45AB-855C-D52F41DA615D}.Release|x86.ActiveCfg = Release|Any CPU
		{F93F3166-A3BF-45AB-855C-D52F41DA615D}.Release|x86.Build.0 = Release|Any CPU
		{126D2484-9DFA-4010-8747-A9B34CBDC172}.Debug|Any CPU.ActiveCfg = Debug|Any CPU
		{126D2484-9DFA-4010-8747-A9B34CBDC172}.Debug|Any CPU.Build.0 = Debug|Any CPU
		{126D2484-9DFA-4010-8747-A9B34CBDC172}.Debug|x64.ActiveCfg = Debug|Any CPU
		{126D2484-9DFA-4010-8747-A9B34CBDC172}.Debug|x64.Build.0 = Debug|Any CPU
		{126D2484-9DFA-4010-8747-A9B34CBDC172}.Debug|x86.ActiveCfg = Debug|Any CPU
		{126D2484-9DFA-4010-8747-A9B34CBDC172}.Debug|x86.Build.0 = Debug|Any CPU
		{126D2484-9DFA-4010-8747-A9B34CBDC172}.DebugDN|Any CPU.ActiveCfg = DebugDN|Any CPU
		{126D2484-9DFA-4010-8747-A9B34CBDC172}.DebugDN|Any CPU.Build.0 = DebugDN|Any CPU
		{126D2484-9DFA-4010-8747-A9B34CBDC172}.DebugDN|x64.ActiveCfg = DebugDN|Any CPU
		{126D2484-9DFA-4010-8747-A9B34CBDC172}.DebugDN|x64.Build.0 = DebugDN|Any CPU
		{126D2484-9DFA-4010-8747-A9B34CBDC172}.DebugDN|x86.ActiveCfg = DebugDN|Any CPU
		{126D2484-9DFA-4010-8747-A9B34CBDC172}.DebugDN|x86.Build.0 = DebugDN|Any CPU
		{126D2484-9DFA-4010-8747-A9B34CBDC172}.DebugDNF|Any CPU.ActiveCfg = DebugDNF|Any CPU
		{126D2484-9DFA-4010-8747-A9B34CBDC172}.DebugDNF|Any CPU.Build.0 = DebugDNF|Any CPU
		{126D2484-9DFA-4010-8747-A9B34CBDC172}.DebugDNF|x64.ActiveCfg = DebugDNF|Any CPU
		{126D2484-9DFA-4010-8747-A9B34CBDC172}.DebugDNF|x64.Build.0 = DebugDNF|Any CPU
		{126D2484-9DFA-4010-8747-A9B34CBDC172}.DebugDNF|x86.ActiveCfg = DebugDNF|Any CPU
		{126D2484-9DFA-4010-8747-A9B34CBDC172}.DebugDNF|x86.Build.0 = DebugDNF|Any CPU
		{126D2484-9DFA-4010-8747-A9B34CBDC172}.DebugDotNetFramework|Any CPU.ActiveCfg = DebugDotNetFramework|Any CPU
		{126D2484-9DFA-4010-8747-A9B34CBDC172}.DebugDotNetFramework|Any CPU.Build.0 = DebugDotNetFramework|Any CPU
		{126D2484-9DFA-4010-8747-A9B34CBDC172}.DebugDotNetFramework|x64.ActiveCfg = DebugDotNetFramework|Any CPU
		{126D2484-9DFA-4010-8747-A9B34CBDC172}.DebugDotNetFramework|x64.Build.0 = DebugDotNetFramework|Any CPU
		{126D2484-9DFA-4010-8747-A9B34CBDC172}.DebugDotNetFramework|x86.ActiveCfg = DebugDotNetFramework|Any CPU
		{126D2484-9DFA-4010-8747-A9B34CBDC172}.DebugDotNetFramework|x86.Build.0 = DebugDotNetFramework|Any CPU
		{126D2484-9DFA-4010-8747-A9B34CBDC172}.DebugFULL|Any CPU.ActiveCfg = DebugFULL|Any CPU
		{126D2484-9DFA-4010-8747-A9B34CBDC172}.DebugFULL|Any CPU.Build.0 = DebugFULL|Any CPU
		{126D2484-9DFA-4010-8747-A9B34CBDC172}.DebugFULL|x64.ActiveCfg = DebugFULL|Any CPU
		{126D2484-9DFA-4010-8747-A9B34CBDC172}.DebugFULL|x64.Build.0 = DebugFULL|Any CPU
		{126D2484-9DFA-4010-8747-A9B34CBDC172}.DebugFULL|x86.ActiveCfg = DebugFULL|Any CPU
		{126D2484-9DFA-4010-8747-A9B34CBDC172}.DebugFULL|x86.Build.0 = DebugFULL|Any CPU
		{126D2484-9DFA-4010-8747-A9B34CBDC172}.Release|Any CPU.ActiveCfg = Release|Any CPU
		{126D2484-9DFA-4010-8747-A9B34CBDC172}.Release|Any CPU.Build.0 = Release|Any CPU
		{126D2484-9DFA-4010-8747-A9B34CBDC172}.Release|x64.ActiveCfg = Release|Any CPU
		{126D2484-9DFA-4010-8747-A9B34CBDC172}.Release|x64.Build.0 = Release|Any CPU
		{126D2484-9DFA-4010-8747-A9B34CBDC172}.Release|x86.ActiveCfg = Release|Any CPU
		{126D2484-9DFA-4010-8747-A9B34CBDC172}.Release|x86.Build.0 = Release|Any CPU
		{288AAFA6-9FBF-4879-9E12-495668638C42}.Debug|Any CPU.ActiveCfg = Debug|Any CPU
		{288AAFA6-9FBF-4879-9E12-495668638C42}.Debug|Any CPU.Build.0 = Debug|Any CPU
		{288AAFA6-9FBF-4879-9E12-495668638C42}.Debug|x64.ActiveCfg = Debug|Any CPU
		{288AAFA6-9FBF-4879-9E12-495668638C42}.Debug|x64.Build.0 = Debug|Any CPU
		{288AAFA6-9FBF-4879-9E12-495668638C42}.Debug|x86.ActiveCfg = Debug|Any CPU
		{288AAFA6-9FBF-4879-9E12-495668638C42}.Debug|x86.Build.0 = Debug|Any CPU
		{288AAFA6-9FBF-4879-9E12-495668638C42}.DebugDN|Any CPU.ActiveCfg = Debug|Any CPU
		{288AAFA6-9FBF-4879-9E12-495668638C42}.DebugDN|Any CPU.Build.0 = Debug|Any CPU
		{288AAFA6-9FBF-4879-9E12-495668638C42}.DebugDN|x64.ActiveCfg = Debug|Any CPU
		{288AAFA6-9FBF-4879-9E12-495668638C42}.DebugDN|x64.Build.0 = Debug|Any CPU
		{288AAFA6-9FBF-4879-9E12-495668638C42}.DebugDN|x86.ActiveCfg = Debug|Any CPU
		{288AAFA6-9FBF-4879-9E12-495668638C42}.DebugDN|x86.Build.0 = Debug|Any CPU
		{288AAFA6-9FBF-4879-9E12-495668638C42}.DebugDNF|Any CPU.ActiveCfg = Debug|Any CPU
		{288AAFA6-9FBF-4879-9E12-495668638C42}.DebugDNF|Any CPU.Build.0 = Debug|Any CPU
		{288AAFA6-9FBF-4879-9E12-495668638C42}.DebugDNF|x64.ActiveCfg = Debug|Any CPU
		{288AAFA6-9FBF-4879-9E12-495668638C42}.DebugDNF|x64.Build.0 = Debug|Any CPU
		{288AAFA6-9FBF-4879-9E12-495668638C42}.DebugDNF|x86.ActiveCfg = Debug|Any CPU
		{288AAFA6-9FBF-4879-9E12-495668638C42}.DebugDNF|x86.Build.0 = Debug|Any CPU
		{288AAFA6-9FBF-4879-9E12-495668638C42}.DebugDotNetFramework|Any CPU.ActiveCfg = Debug|Any CPU
		{288AAFA6-9FBF-4879-9E12-495668638C42}.DebugDotNetFramework|Any CPU.Build.0 = Debug|Any CPU
		{288AAFA6-9FBF-4879-9E12-495668638C42}.DebugDotNetFramework|x64.ActiveCfg = Debug|Any CPU
		{288AAFA6-9FBF-4879-9E12-495668638C42}.DebugDotNetFramework|x64.Build.0 = Debug|Any CPU
		{288AAFA6-9FBF-4879-9E12-495668638C42}.DebugDotNetFramework|x86.ActiveCfg = Debug|Any CPU
		{288AAFA6-9FBF-4879-9E12-495668638C42}.DebugDotNetFramework|x86.Build.0 = Debug|Any CPU
		{288AAFA6-9FBF-4879-9E12-495668638C42}.DebugFULL|Any CPU.ActiveCfg = Debug|Any CPU
		{288AAFA6-9FBF-4879-9E12-495668638C42}.DebugFULL|Any CPU.Build.0 = Debug|Any CPU
		{288AAFA6-9FBF-4879-9E12-495668638C42}.DebugFULL|x64.ActiveCfg = Debug|Any CPU
		{288AAFA6-9FBF-4879-9E12-495668638C42}.DebugFULL|x64.Build.0 = Debug|Any CPU
		{288AAFA6-9FBF-4879-9E12-495668638C42}.DebugFULL|x86.ActiveCfg = Debug|Any CPU
		{288AAFA6-9FBF-4879-9E12-495668638C42}.DebugFULL|x86.Build.0 = Debug|Any CPU
		{288AAFA6-9FBF-4879-9E12-495668638C42}.Release|Any CPU.ActiveCfg = Release|Any CPU
		{288AAFA6-9FBF-4879-9E12-495668638C42}.Release|Any CPU.Build.0 = Release|Any CPU
		{288AAFA6-9FBF-4879-9E12-495668638C42}.Release|x64.ActiveCfg = Release|Any CPU
		{288AAFA6-9FBF-4879-9E12-495668638C42}.Release|x64.Build.0 = Release|Any CPU
		{288AAFA6-9FBF-4879-9E12-495668638C42}.Release|x86.ActiveCfg = Release|Any CPU
		{288AAFA6-9FBF-4879-9E12-495668638C42}.Release|x86.Build.0 = Release|Any CPU
		{CBD8E83C-DF32-456A-A2CE-660214408473}.Debug|Any CPU.ActiveCfg = Debug|Any CPU
		{CBD8E83C-DF32-456A-A2CE-660214408473}.Debug|Any CPU.Build.0 = Debug|Any CPU
		{CBD8E83C-DF32-456A-A2CE-660214408473}.Debug|x64.ActiveCfg = Debug|Any CPU
		{CBD8E83C-DF32-456A-A2CE-660214408473}.Debug|x64.Build.0 = Debug|Any CPU
		{CBD8E83C-DF32-456A-A2CE-660214408473}.Debug|x86.ActiveCfg = Debug|Any CPU
		{CBD8E83C-DF32-456A-A2CE-660214408473}.Debug|x86.Build.0 = Debug|Any CPU
		{CBD8E83C-DF32-456A-A2CE-660214408473}.DebugDN|Any CPU.ActiveCfg = Debug|Any CPU
		{CBD8E83C-DF32-456A-A2CE-660214408473}.DebugDN|Any CPU.Build.0 = Debug|Any CPU
		{CBD8E83C-DF32-456A-A2CE-660214408473}.DebugDN|x64.ActiveCfg = Debug|Any CPU
		{CBD8E83C-DF32-456A-A2CE-660214408473}.DebugDN|x64.Build.0 = Debug|Any CPU
		{CBD8E83C-DF32-456A-A2CE-660214408473}.DebugDN|x86.ActiveCfg = Debug|Any CPU
		{CBD8E83C-DF32-456A-A2CE-660214408473}.DebugDN|x86.Build.0 = Debug|Any CPU
		{CBD8E83C-DF32-456A-A2CE-660214408473}.DebugDNF|Any CPU.ActiveCfg = Debug|Any CPU
		{CBD8E83C-DF32-456A-A2CE-660214408473}.DebugDNF|Any CPU.Build.0 = Debug|Any CPU
		{CBD8E83C-DF32-456A-A2CE-660214408473}.DebugDNF|x64.ActiveCfg = Debug|Any CPU
		{CBD8E83C-DF32-456A-A2CE-660214408473}.DebugDNF|x64.Build.0 = Debug|Any CPU
		{CBD8E83C-DF32-456A-A2CE-660214408473}.DebugDNF|x86.ActiveCfg = Debug|Any CPU
		{CBD8E83C-DF32-456A-A2CE-660214408473}.DebugDNF|x86.Build.0 = Debug|Any CPU
		{CBD8E83C-DF32-456A-A2CE-660214408473}.DebugDotNetFramework|Any CPU.ActiveCfg = Debug|Any CPU
		{CBD8E83C-DF32-456A-A2CE-660214408473}.DebugDotNetFramework|Any CPU.Build.0 = Debug|Any CPU
		{CBD8E83C-DF32-456A-A2CE-660214408473}.DebugDotNetFramework|x64.ActiveCfg = Debug|Any CPU
		{CBD8E83C-DF32-456A-A2CE-660214408473}.DebugDotNetFramework|x64.Build.0 = Debug|Any CPU
		{CBD8E83C-DF32-456A-A2CE-660214408473}.DebugDotNetFramework|x86.ActiveCfg = Debug|Any CPU
		{CBD8E83C-DF32-456A-A2CE-660214408473}.DebugDotNetFramework|x86.Build.0 = Debug|Any CPU
		{CBD8E83C-DF32-456A-A2CE-660214408473}.DebugFULL|Any CPU.ActiveCfg = Debug|Any CPU
		{CBD8E83C-DF32-456A-A2CE-660214408473}.DebugFULL|Any CPU.Build.0 = Debug|Any CPU
		{CBD8E83C-DF32-456A-A2CE-660214408473}.DebugFULL|x64.ActiveCfg = Debug|Any CPU
		{CBD8E83C-DF32-456A-A2CE-660214408473}.DebugFULL|x64.Build.0 = Debug|Any CPU
		{CBD8E83C-DF32-456A-A2CE-660214408473}.DebugFULL|x86.ActiveCfg = Debug|Any CPU
		{CBD8E83C-DF32-456A-A2CE-660214408473}.DebugFULL|x86.Build.0 = Debug|Any CPU
		{CBD8E83C-DF32-456A-A2CE-660214408473}.Release|Any CPU.ActiveCfg = Release|Any CPU
		{CBD8E83C-DF32-456A-A2CE-660214408473}.Release|Any CPU.Build.0 = Release|Any CPU
		{CBD8E83C-DF32-456A-A2CE-660214408473}.Release|x64.ActiveCfg = Release|Any CPU
		{CBD8E83C-DF32-456A-A2CE-660214408473}.Release|x64.Build.0 = Release|Any CPU
		{CBD8E83C-DF32-456A-A2CE-660214408473}.Release|x86.ActiveCfg = Release|Any CPU
		{CBD8E83C-DF32-456A-A2CE-660214408473}.Release|x86.Build.0 = Release|Any CPU
		{845BACE4-EAF7-4C92-9643-AA5F216EEA0B}.Debug|Any CPU.ActiveCfg = Debug|Any CPU
		{845BACE4-EAF7-4C92-9643-AA5F216EEA0B}.Debug|Any CPU.Build.0 = Debug|Any CPU
		{845BACE4-EAF7-4C92-9643-AA5F216EEA0B}.Debug|x64.ActiveCfg = Debug|Any CPU
		{845BACE4-EAF7-4C92-9643-AA5F216EEA0B}.Debug|x64.Build.0 = Debug|Any CPU
		{845BACE4-EAF7-4C92-9643-AA5F216EEA0B}.Debug|x86.ActiveCfg = Debug|Any CPU
		{845BACE4-EAF7-4C92-9643-AA5F216EEA0B}.Debug|x86.Build.0 = Debug|Any CPU
		{845BACE4-EAF7-4C92-9643-AA5F216EEA0B}.DebugDN|Any CPU.ActiveCfg = Debug|Any CPU
		{845BACE4-EAF7-4C92-9643-AA5F216EEA0B}.DebugDN|Any CPU.Build.0 = Debug|Any CPU
		{845BACE4-EAF7-4C92-9643-AA5F216EEA0B}.DebugDN|x64.ActiveCfg = Debug|Any CPU
		{845BACE4-EAF7-4C92-9643-AA5F216EEA0B}.DebugDN|x64.Build.0 = Debug|Any CPU
		{845BACE4-EAF7-4C92-9643-AA5F216EEA0B}.DebugDN|x86.ActiveCfg = Debug|Any CPU
		{845BACE4-EAF7-4C92-9643-AA5F216EEA0B}.DebugDN|x86.Build.0 = Debug|Any CPU
		{845BACE4-EAF7-4C92-9643-AA5F216EEA0B}.DebugDNF|Any CPU.ActiveCfg = Debug|Any CPU
		{845BACE4-EAF7-4C92-9643-AA5F216EEA0B}.DebugDNF|Any CPU.Build.0 = Debug|Any CPU
		{845BACE4-EAF7-4C92-9643-AA5F216EEA0B}.DebugDNF|x64.ActiveCfg = Debug|Any CPU
		{845BACE4-EAF7-4C92-9643-AA5F216EEA0B}.DebugDNF|x64.Build.0 = Debug|Any CPU
		{845BACE4-EAF7-4C92-9643-AA5F216EEA0B}.DebugDNF|x86.ActiveCfg = Debug|Any CPU
		{845BACE4-EAF7-4C92-9643-AA5F216EEA0B}.DebugDNF|x86.Build.0 = Debug|Any CPU
		{845BACE4-EAF7-4C92-9643-AA5F216EEA0B}.DebugDotNetFramework|Any CPU.ActiveCfg = Debug|Any CPU
		{845BACE4-EAF7-4C92-9643-AA5F216EEA0B}.DebugDotNetFramework|Any CPU.Build.0 = Debug|Any CPU
		{845BACE4-EAF7-4C92-9643-AA5F216EEA0B}.DebugDotNetFramework|x64.ActiveCfg = Debug|Any CPU
		{845BACE4-EAF7-4C92-9643-AA5F216EEA0B}.DebugDotNetFramework|x64.Build.0 = Debug|Any CPU
		{845BACE4-EAF7-4C92-9643-AA5F216EEA0B}.DebugDotNetFramework|x86.ActiveCfg = Debug|Any CPU
		{845BACE4-EAF7-4C92-9643-AA5F216EEA0B}.DebugDotNetFramework|x86.Build.0 = Debug|Any CPU
		{845BACE4-EAF7-4C92-9643-AA5F216EEA0B}.DebugFULL|Any CPU.ActiveCfg = Debug|Any CPU
		{845BACE4-EAF7-4C92-9643-AA5F216EEA0B}.DebugFULL|Any CPU.Build.0 = Debug|Any CPU
		{845BACE4-EAF7-4C92-9643-AA5F216EEA0B}.DebugFULL|x64.ActiveCfg = Debug|Any CPU
		{845BACE4-EAF7-4C92-9643-AA5F216EEA0B}.DebugFULL|x64.Build.0 = Debug|Any CPU
		{845BACE4-EAF7-4C92-9643-AA5F216EEA0B}.DebugFULL|x86.ActiveCfg = Debug|Any CPU
		{845BACE4-EAF7-4C92-9643-AA5F216EEA0B}.DebugFULL|x86.Build.0 = Debug|Any CPU
		{845BACE4-EAF7-4C92-9643-AA5F216EEA0B}.Release|Any CPU.ActiveCfg = Release|Any CPU
		{845BACE4-EAF7-4C92-9643-AA5F216EEA0B}.Release|Any CPU.Build.0 = Release|Any CPU
		{845BACE4-EAF7-4C92-9643-AA5F216EEA0B}.Release|x64.ActiveCfg = Release|Any CPU
		{845BACE4-EAF7-4C92-9643-AA5F216EEA0B}.Release|x64.Build.0 = Release|Any CPU
		{845BACE4-EAF7-4C92-9643-AA5F216EEA0B}.Release|x86.ActiveCfg = Release|Any CPU
		{845BACE4-EAF7-4C92-9643-AA5F216EEA0B}.Release|x86.Build.0 = Release|Any CPU
		{27459FC2-A7D6-404F-B664-89F93CD6E26F}.Debug|Any CPU.ActiveCfg = Debug|Any CPU
		{27459FC2-A7D6-404F-B664-89F93CD6E26F}.Debug|Any CPU.Build.0 = Debug|Any CPU
		{27459FC2-A7D6-404F-B664-89F93CD6E26F}.Debug|x64.ActiveCfg = Debug|Any CPU
		{27459FC2-A7D6-404F-B664-89F93CD6E26F}.Debug|x64.Build.0 = Debug|Any CPU
		{27459FC2-A7D6-404F-B664-89F93CD6E26F}.Debug|x86.ActiveCfg = Debug|Any CPU
		{27459FC2-A7D6-404F-B664-89F93CD6E26F}.Debug|x86.Build.0 = Debug|Any CPU
		{27459FC2-A7D6-404F-B664-89F93CD6E26F}.DebugDN|Any CPU.ActiveCfg = Debug|Any CPU
		{27459FC2-A7D6-404F-B664-89F93CD6E26F}.DebugDN|Any CPU.Build.0 = Debug|Any CPU
		{27459FC2-A7D6-404F-B664-89F93CD6E26F}.DebugDN|x64.ActiveCfg = Debug|Any CPU
		{27459FC2-A7D6-404F-B664-89F93CD6E26F}.DebugDN|x64.Build.0 = Debug|Any CPU
		{27459FC2-A7D6-404F-B664-89F93CD6E26F}.DebugDN|x86.ActiveCfg = Debug|Any CPU
		{27459FC2-A7D6-404F-B664-89F93CD6E26F}.DebugDN|x86.Build.0 = Debug|Any CPU
		{27459FC2-A7D6-404F-B664-89F93CD6E26F}.DebugDNF|Any CPU.ActiveCfg = Debug|Any CPU
		{27459FC2-A7D6-404F-B664-89F93CD6E26F}.DebugDNF|Any CPU.Build.0 = Debug|Any CPU
		{27459FC2-A7D6-404F-B664-89F93CD6E26F}.DebugDNF|x64.ActiveCfg = Debug|Any CPU
		{27459FC2-A7D6-404F-B664-89F93CD6E26F}.DebugDNF|x64.Build.0 = Debug|Any CPU
		{27459FC2-A7D6-404F-B664-89F93CD6E26F}.DebugDNF|x86.ActiveCfg = Debug|Any CPU
		{27459FC2-A7D6-404F-B664-89F93CD6E26F}.DebugDNF|x86.Build.0 = Debug|Any CPU
		{27459FC2-A7D6-404F-B664-89F93CD6E26F}.DebugDotNetFramework|Any CPU.ActiveCfg = Debug|Any CPU
		{27459FC2-A7D6-404F-B664-89F93CD6E26F}.DebugDotNetFramework|Any CPU.Build.0 = Debug|Any CPU
		{27459FC2-A7D6-404F-B664-89F93CD6E26F}.DebugDotNetFramework|x64.ActiveCfg = Debug|Any CPU
		{27459FC2-A7D6-404F-B664-89F93CD6E26F}.DebugDotNetFramework|x64.Build.0 = Debug|Any CPU
		{27459FC2-A7D6-404F-B664-89F93CD6E26F}.DebugDotNetFramework|x86.ActiveCfg = Debug|Any CPU
		{27459FC2-A7D6-404F-B664-89F93CD6E26F}.DebugDotNetFramework|x86.Build.0 = Debug|Any CPU
		{27459FC2-A7D6-404F-B664-89F93CD6E26F}.DebugFULL|Any CPU.ActiveCfg = Debug|Any CPU
		{27459FC2-A7D6-404F-B664-89F93CD6E26F}.DebugFULL|Any CPU.Build.0 = Debug|Any CPU
		{27459FC2-A7D6-404F-B664-89F93CD6E26F}.DebugFULL|x64.ActiveCfg = Debug|Any CPU
		{27459FC2-A7D6-404F-B664-89F93CD6E26F}.DebugFULL|x64.Build.0 = Debug|Any CPU
		{27459FC2-A7D6-404F-B664-89F93CD6E26F}.DebugFULL|x86.ActiveCfg = Debug|Any CPU
		{27459FC2-A7D6-404F-B664-89F93CD6E26F}.DebugFULL|x86.Build.0 = Debug|Any CPU
		{27459FC2-A7D6-404F-B664-89F93CD6E26F}.Release|Any CPU.ActiveCfg = Release|Any CPU
		{27459FC2-A7D6-404F-B664-89F93CD6E26F}.Release|Any CPU.Build.0 = Release|Any CPU
		{27459FC2-A7D6-404F-B664-89F93CD6E26F}.Release|x64.ActiveCfg = Release|Any CPU
		{27459FC2-A7D6-404F-B664-89F93CD6E26F}.Release|x64.Build.0 = Release|Any CPU
		{27459FC2-A7D6-404F-B664-89F93CD6E26F}.Release|x86.ActiveCfg = Release|Any CPU
		{27459FC2-A7D6-404F-B664-89F93CD6E26F}.Release|x86.Build.0 = Release|Any CPU
		{16084CF0-989E-49E0-81C4-5A4CC7D3EDE7}.Debug|Any CPU.ActiveCfg = Debug|Any CPU
		{16084CF0-989E-49E0-81C4-5A4CC7D3EDE7}.Debug|Any CPU.Build.0 = Debug|Any CPU
		{16084CF0-989E-49E0-81C4-5A4CC7D3EDE7}.Debug|x64.ActiveCfg = Debug|Any CPU
		{16084CF0-989E-49E0-81C4-5A4CC7D3EDE7}.Debug|x64.Build.0 = Debug|Any CPU
		{16084CF0-989E-49E0-81C4-5A4CC7D3EDE7}.Debug|x86.ActiveCfg = Debug|Any CPU
		{16084CF0-989E-49E0-81C4-5A4CC7D3EDE7}.Debug|x86.Build.0 = Debug|Any CPU
		{16084CF0-989E-49E0-81C4-5A4CC7D3EDE7}.DebugDN|Any CPU.ActiveCfg = Debug|Any CPU
		{16084CF0-989E-49E0-81C4-5A4CC7D3EDE7}.DebugDN|Any CPU.Build.0 = Debug|Any CPU
		{16084CF0-989E-49E0-81C4-5A4CC7D3EDE7}.DebugDN|x64.ActiveCfg = Debug|Any CPU
		{16084CF0-989E-49E0-81C4-5A4CC7D3EDE7}.DebugDN|x64.Build.0 = Debug|Any CPU
		{16084CF0-989E-49E0-81C4-5A4CC7D3EDE7}.DebugDN|x86.ActiveCfg = Debug|Any CPU
		{16084CF0-989E-49E0-81C4-5A4CC7D3EDE7}.DebugDN|x86.Build.0 = Debug|Any CPU
		{16084CF0-989E-49E0-81C4-5A4CC7D3EDE7}.DebugDNF|Any CPU.ActiveCfg = Debug|Any CPU
		{16084CF0-989E-49E0-81C4-5A4CC7D3EDE7}.DebugDNF|Any CPU.Build.0 = Debug|Any CPU
		{16084CF0-989E-49E0-81C4-5A4CC7D3EDE7}.DebugDNF|x64.ActiveCfg = Debug|Any CPU
		{16084CF0-989E-49E0-81C4-5A4CC7D3EDE7}.DebugDNF|x64.Build.0 = Debug|Any CPU
		{16084CF0-989E-49E0-81C4-5A4CC7D3EDE7}.DebugDNF|x86.ActiveCfg = Debug|Any CPU
		{16084CF0-989E-49E0-81C4-5A4CC7D3EDE7}.DebugDNF|x86.Build.0 = Debug|Any CPU
		{16084CF0-989E-49E0-81C4-5A4CC7D3EDE7}.DebugDotNetFramework|Any CPU.ActiveCfg = Debug|Any CPU
		{16084CF0-989E-49E0-81C4-5A4CC7D3EDE7}.DebugDotNetFramework|Any CPU.Build.0 = Debug|Any CPU
		{16084CF0-989E-49E0-81C4-5A4CC7D3EDE7}.DebugDotNetFramework|x64.ActiveCfg = Debug|Any CPU
		{16084CF0-989E-49E0-81C4-5A4CC7D3EDE7}.DebugDotNetFramework|x64.Build.0 = Debug|Any CPU
		{16084CF0-989E-49E0-81C4-5A4CC7D3EDE7}.DebugDotNetFramework|x86.ActiveCfg = Debug|Any CPU
		{16084CF0-989E-49E0-81C4-5A4CC7D3EDE7}.DebugDotNetFramework|x86.Build.0 = Debug|Any CPU
		{16084CF0-989E-49E0-81C4-5A4CC7D3EDE7}.DebugFULL|Any CPU.ActiveCfg = Debug|Any CPU
		{16084CF0-989E-49E0-81C4-5A4CC7D3EDE7}.DebugFULL|Any CPU.Build.0 = Debug|Any CPU
		{16084CF0-989E-49E0-81C4-5A4CC7D3EDE7}.DebugFULL|x64.ActiveCfg = Debug|Any CPU
		{16084CF0-989E-49E0-81C4-5A4CC7D3EDE7}.DebugFULL|x64.Build.0 = Debug|Any CPU
		{16084CF0-989E-49E0-81C4-5A4CC7D3EDE7}.DebugFULL|x86.ActiveCfg = Debug|Any CPU
		{16084CF0-989E-49E0-81C4-5A4CC7D3EDE7}.DebugFULL|x86.Build.0 = Debug|Any CPU
		{16084CF0-989E-49E0-81C4-5A4CC7D3EDE7}.Release|Any CPU.ActiveCfg = Release|Any CPU
		{16084CF0-989E-49E0-81C4-5A4CC7D3EDE7}.Release|Any CPU.Build.0 = Release|Any CPU
		{16084CF0-989E-49E0-81C4-5A4CC7D3EDE7}.Release|x64.ActiveCfg = Release|Any CPU
		{16084CF0-989E-49E0-81C4-5A4CC7D3EDE7}.Release|x64.Build.0 = Release|Any CPU
		{16084CF0-989E-49E0-81C4-5A4CC7D3EDE7}.Release|x86.ActiveCfg = Release|Any CPU
		{16084CF0-989E-49E0-81C4-5A4CC7D3EDE7}.Release|x86.Build.0 = Release|Any CPU
		{D9683408-BCAB-478A-B514-E82C2D9F80FF}.Debug|Any CPU.ActiveCfg = Debug|Any CPU
		{D9683408-BCAB-478A-B514-E82C2D9F80FF}.Debug|Any CPU.Build.0 = Debug|Any CPU
		{D9683408-BCAB-478A-B514-E82C2D9F80FF}.Debug|x64.ActiveCfg = Debug|Any CPU
		{D9683408-BCAB-478A-B514-E82C2D9F80FF}.Debug|x64.Build.0 = Debug|Any CPU
		{D9683408-BCAB-478A-B514-E82C2D9F80FF}.Debug|x86.ActiveCfg = Debug|Any CPU
		{D9683408-BCAB-478A-B514-E82C2D9F80FF}.Debug|x86.Build.0 = Debug|Any CPU
		{D9683408-BCAB-478A-B514-E82C2D9F80FF}.DebugDN|Any CPU.ActiveCfg = Debug|Any CPU
		{D9683408-BCAB-478A-B514-E82C2D9F80FF}.DebugDN|Any CPU.Build.0 = Debug|Any CPU
		{D9683408-BCAB-478A-B514-E82C2D9F80FF}.DebugDN|x64.ActiveCfg = Debug|Any CPU
		{D9683408-BCAB-478A-B514-E82C2D9F80FF}.DebugDN|x64.Build.0 = Debug|Any CPU
		{D9683408-BCAB-478A-B514-E82C2D9F80FF}.DebugDN|x86.ActiveCfg = Debug|Any CPU
		{D9683408-BCAB-478A-B514-E82C2D9F80FF}.DebugDN|x86.Build.0 = Debug|Any CPU
		{D9683408-BCAB-478A-B514-E82C2D9F80FF}.DebugDNF|Any CPU.ActiveCfg = Debug|Any CPU
		{D9683408-BCAB-478A-B514-E82C2D9F80FF}.DebugDNF|Any CPU.Build.0 = Debug|Any CPU
		{D9683408-BCAB-478A-B514-E82C2D9F80FF}.DebugDNF|x64.ActiveCfg = Debug|Any CPU
		{D9683408-BCAB-478A-B514-E82C2D9F80FF}.DebugDNF|x64.Build.0 = Debug|Any CPU
		{D9683408-BCAB-478A-B514-E82C2D9F80FF}.DebugDNF|x86.ActiveCfg = Debug|Any CPU
		{D9683408-BCAB-478A-B514-E82C2D9F80FF}.DebugDNF|x86.Build.0 = Debug|Any CPU
		{D9683408-BCAB-478A-B514-E82C2D9F80FF}.DebugDotNetFramework|Any CPU.ActiveCfg = Debug|Any CPU
		{D9683408-BCAB-478A-B514-E82C2D9F80FF}.DebugDotNetFramework|Any CPU.Build.0 = Debug|Any CPU
		{D9683408-BCAB-478A-B514-E82C2D9F80FF}.DebugDotNetFramework|x64.ActiveCfg = Debug|Any CPU
		{D9683408-BCAB-478A-B514-E82C2D9F80FF}.DebugDotNetFramework|x64.Build.0 = Debug|Any CPU
		{D9683408-BCAB-478A-B514-E82C2D9F80FF}.DebugDotNetFramework|x86.ActiveCfg = Debug|Any CPU
		{D9683408-BCAB-478A-B514-E82C2D9F80FF}.DebugDotNetFramework|x86.Build.0 = Debug|Any CPU
		{D9683408-BCAB-478A-B514-E82C2D9F80FF}.DebugFULL|Any CPU.ActiveCfg = Debug|Any CPU
		{D9683408-BCAB-478A-B514-E82C2D9F80FF}.DebugFULL|Any CPU.Build.0 = Debug|Any CPU
		{D9683408-BCAB-478A-B514-E82C2D9F80FF}.DebugFULL|x64.ActiveCfg = Debug|Any CPU
		{D9683408-BCAB-478A-B514-E82C2D9F80FF}.DebugFULL|x64.Build.0 = Debug|Any CPU
		{D9683408-BCAB-478A-B514-E82C2D9F80FF}.DebugFULL|x86.ActiveCfg = Debug|Any CPU
		{D9683408-BCAB-478A-B514-E82C2D9F80FF}.DebugFULL|x86.Build.0 = Debug|Any CPU
		{D9683408-BCAB-478A-B514-E82C2D9F80FF}.Release|Any CPU.ActiveCfg = Release|Any CPU
		{D9683408-BCAB-478A-B514-E82C2D9F80FF}.Release|Any CPU.Build.0 = Release|Any CPU
		{D9683408-BCAB-478A-B514-E82C2D9F80FF}.Release|x64.ActiveCfg = Release|Any CPU
		{D9683408-BCAB-478A-B514-E82C2D9F80FF}.Release|x64.Build.0 = Release|Any CPU
		{D9683408-BCAB-478A-B514-E82C2D9F80FF}.Release|x86.ActiveCfg = Release|Any CPU
		{D9683408-BCAB-478A-B514-E82C2D9F80FF}.Release|x86.Build.0 = Release|Any CPU
	EndGlobalSection
	GlobalSection(SolutionProperties) = preSolution
		HideSolutionNode = FALSE
	EndGlobalSection
	GlobalSection(ExtensibilityGlobals) = postSolution
		SolutionGuid = {5E98A999-CF18-4D2E-ADBE-787BA1416E5A}
	EndGlobalSection
EndGlobal
