
Microsoft Visual Studio Solution File, Format Version 12.00
# Visual Studio Version 17
VisualStudioVersion = 17.1.31911.260
MinimumVisualStudioVersion = 10.0.40219.1
Project("{9A19103F-16F7-4668-BE54-9A1E7A4F7556}") = "EdTools", "EdTools\EdTools.csproj", "{F93F3166-A3BF-45AB-855C-D52F41DA615D}"
EndProject
Project("{9A19103F-16F7-4668-BE54-9A1E7A4F7556}") = "RoutePlotter", "RoutePlotter\RoutePlotter.csproj", "{1D103332-269F-4851-B560-81ADD4E0CE77}"
EndProject
Project("{9A19103F-16F7-4668-BE54-9A1E7A4F7556}") = "CSharpDiscordWebhook.NET", "D:\Documents\VS Studio\CSharpDiscordWebhook-master\CSharpDiscordWebhook.NET\CSharpDiscordWebhook.NET.csproj", "{126D2484-9DFA-4010-8747-A9B34CBDC172}"
EndProject
Project("{FAE04EC0-301F-11D3-BF4B-00C04F79EFBC}") = "WebhookTest", "WebhookTest\WebhookTest.csproj", "{E53DDEB4-EB98-4AED-B1C5-F5E071758D2E}"
EndProject
Global
	GlobalSection(SolutionConfigurationPlatforms) = preSolution
		Debug|Any CPU = Debug|Any CPU
		Debug|x64 = Debug|x64
		Debug|x86 = Debug|x86
		DebugDN|Any CPU = DebugDN|Any CPU
		DebugDN|x64 = DebugDN|x64
		DebugDN|x86 = DebugDN|x86
		DebugDNF|Any CPU = DebugDNF|Any CPU
		DebugDNF|x64 = DebugDNF|x64
		DebugDNF|x86 = DebugDNF|x86
		DebugDotNetFramework|Any CPU = DebugDotNetFramework|Any CPU
		DebugDotNetFramework|x64 = DebugDotNetFramework|x64
		DebugDotNetFramework|x86 = DebugDotNetFramework|x86
		DebugFULL|Any CPU = DebugFULL|Any CPU
		DebugFULL|x64 = DebugFULL|x64
		DebugFULL|x86 = DebugFULL|x86
		Release|Any CPU = Release|Any CPU
		Release|x64 = Release|x64
		Release|x86 = Release|x86
	EndGlobalSection
	GlobalSection(ProjectConfigurationPlatforms) = postSolution
		{F93F3166-A3BF-45AB-855C-D52F41DA615D}.Debug|Any CPU.ActiveCfg = Debug|Any CPU
		{F93F3166-A3BF-45AB-855C-D52F41DA615D}.Debug|Any CPU.Build.0 = Debug|Any CPU
		{F93F3166-A3BF-45AB-855C-D52F41DA615D}.Debug|x64.ActiveCfg = Debug|Any CPU
		{F93F3166-A3BF-45AB-855C-D52F41DA615D}.Debug|x64.Build.0 = Debug|Any CPU
		{F93F3166-A3BF-45AB-855C-D52F41DA615D}.Debug|x86.ActiveCfg = Debug|Any CPU
		{F93F3166-A3BF-45AB-855C-D52F41DA615D}.Debug|x86.Build.0 = Debug|Any CPU
		{F93F3166-A3BF-45AB-855C-D52F41DA615D}.DebugDN|Any CPU.ActiveCfg = Debug|Any CPU
		{F93F3166-A3BF-45AB-855C-D52F41DA615D}.DebugDN|Any CPU.Build.0 = Debug|Any CPU
		{F93F3166-A3BF-45AB-855C-D52F41DA615D}.DebugDN|x64.ActiveCfg = Debug|Any CPU
		{F93F3166-A3BF-45AB-855C-D52F41DA615D}.DebugDN|x64.Build.0 = Debug|Any CPU
		{F93F3166-A3BF-45AB-855C-D52F41DA615D}.DebugDN|x86.ActiveCfg = Debug|Any CPU
		{F93F3166-A3BF-45AB-855C-D52F41DA615D}.DebugDN|x86.Build.0 = Debug|Any CPU
		{F93F3166-A3BF-45AB-855C-D52F41DA615D}.DebugDNF|Any CPU.ActiveCfg = Debug|Any CPU
		{F93F3166-A3BF-45AB-855C-D52F41DA615D}.DebugDNF|Any CPU.Build.0 = Debug|Any CPU
		{F93F3166-A3BF-45AB-855C-D52F41DA615D}.DebugDNF|x64.ActiveCfg = Debug|Any CPU
		{F93F3166-A3BF-45AB-855C-D52F41DA615D}.DebugDNF|x64.Build.0 = Debug|Any CPU
		{F93F3166-A3BF-45AB-855C-D52F41DA615D}.DebugDNF|x86.ActiveCfg = Debug|Any CPU
		{F93F3166-A3BF-45AB-855C-D52F41DA615D}.DebugDNF|x86.Build.0 = Debug|Any CPU
		{F93F3166-A3BF-45AB-855C-D52F41DA615D}.DebugDotNetFramework|Any CPU.ActiveCfg = Debug|Any CPU
		{F93F3166-A3BF-45AB-855C-D52F41DA615D}.DebugDotNetFramework|Any CPU.Build.0 = Debug|Any CPU
		{F93F3166-A3BF-45AB-855C-D52F41DA615D}.DebugDotNetFramework|x64.ActiveCfg = Debug|Any CPU
		{F93F3166-A3BF-45AB-855C-D52F41DA615D}.DebugDotNetFramework|x64.Build.0 = Debug|Any CPU
		{F93F3166-A3BF-45AB-855C-D52F41DA615D}.DebugDotNetFramework|x86.ActiveCfg = Debug|Any CPU
		{F93F3166-A3BF-45AB-855C-D52F41DA615D}.DebugDotNetFramework|x86.Build.0 = Debug|Any CPU
		{F93F3166-A3BF-45AB-855C-D52F41DA615D}.DebugFULL|Any CPU.ActiveCfg = Debug|Any CPU
		{F93F3166-A3BF-45AB-855C-D52F41DA615D}.DebugFULL|Any CPU.Build.0 = Debug|Any CPU
		{F93F3166-A3BF-45AB-855C-D52F41DA615D}.DebugFULL|x64.ActiveCfg = Debug|Any CPU
		{F93F3166-A3BF-45AB-855C-D52F41DA615D}.DebugFULL|x64.Build.0 = Debug|Any CPU
		{F93F3166-A3BF-45AB-855C-D52F41DA615D}.DebugFULL|x86.ActiveCfg = Debug|Any CPU
		{F93F3166-A3BF-45AB-855C-D52F41DA615D}.DebugFULL|x86.Build.0 = Debug|Any CPU
		{F93F3166-A3BF-45AB-855C-D52F41DA615D}.Release|Any CPU.ActiveCfg = Release|Any CPU
		{F93F3166-A3BF-45AB-855C-D52F41DA615D}.Release|Any CPU.Build.0 = Release|Any CPU
		{F93F3166-A3BF-45AB-855C-D52F41DA615D}.Release|x64.ActiveCfg = Release|Any CPU
		{F93F3166-A3BF-45AB-855C-D52F41DA615D}.Release|x64.Build.0 = Release|Any CPU
		{F93F3166-A3BF-45AB-855C-D52F41DA615D}.Release|x86.ActiveCfg = Release|Any CPU
		{F93F3166-A3BF-45AB-855C-D52F41DA615D}.Release|x86.Build.0 = Release|Any CPU
		{1D103332-269F-4851-B560-81ADD4E0CE77}.Debug|Any CPU.ActiveCfg = Debug|Any CPU
		{1D103332-269F-4851-B560-81ADD4E0CE77}.Debug|Any CPU.Build.0 = Debug|Any CPU
		{1D103332-269F-4851-B560-81ADD4E0CE77}.Debug|x64.ActiveCfg = Debug|x64
		{1D103332-269F-4851-B560-81ADD4E0CE77}.Debug|x64.Build.0 = Debug|x64
		{1D103332-269F-4851-B560-81ADD4E0CE77}.Debug|x86.ActiveCfg = Debug|x86
		{1D103332-269F-4851-B560-81ADD4E0CE77}.Debug|x86.Build.0 = Debug|x86
		{1D103332-269F-4851-B560-81ADD4E0CE77}.DebugDN|Any CPU.ActiveCfg = Debug|Any CPU
		{1D103332-269F-4851-B560-81ADD4E0CE77}.DebugDN|Any CPU.Build.0 = Debug|Any CPU
		{1D103332-269F-4851-B560-81ADD4E0CE77}.DebugDN|x64.ActiveCfg = Debug|x64
		{1D103332-269F-4851-B560-81ADD4E0CE77}.DebugDN|x64.Build.0 = Debug|x64
		{1D103332-269F-4851-B560-81ADD4E0CE77}.DebugDN|x86.ActiveCfg = Debug|x86
		{1D103332-269F-4851-B560-81ADD4E0CE77}.DebugDN|x86.Build.0 = Debug|x86
		{1D103332-269F-4851-B560-81ADD4E0CE77}.DebugDNF|Any CPU.ActiveCfg = Debug|Any CPU
		{1D103332-269F-4851-B560-81ADD4E0CE77}.DebugDNF|Any CPU.Build.0 = Debug|Any CPU
		{1D103332-269F-4851-B560-81ADD4E0CE77}.DebugDNF|x64.ActiveCfg = Debug|x64
		{1D103332-269F-4851-B560-81ADD4E0CE77}.DebugDNF|x64.Build.0 = Debug|x64
		{1D103332-269F-4851-B560-81ADD4E0CE77}.DebugDNF|x86.ActiveCfg = Debug|x86
		{1D103332-269F-4851-B560-81ADD4E0CE77}.DebugDNF|x86.Build.0 = Debug|x86
		{1D103332-269F-4851-B560-81ADD4E0CE77}.DebugDotNetFramework|Any CPU.ActiveCfg = Debug|Any CPU
		{1D103332-269F-4851-B560-81ADD4E0CE77}.DebugDotNetFramework|Any CPU.Build.0 = Debug|Any CPU
		{1D103332-269F-4851-B560-81ADD4E0CE77}.DebugDotNetFramework|x64.ActiveCfg = Debug|x64
		{1D103332-269F-4851-B560-81ADD4E0CE77}.DebugDotNetFramework|x64.Build.0 = Debug|x64
		{1D103332-269F-4851-B560-81ADD4E0CE77}.DebugDotNetFramework|x86.ActiveCfg = Debug|x86
		{1D103332-269F-4851-B560-81ADD4E0CE77}.DebugDotNetFramework|x86.Build.0 = Debug|x86
		{1D103332-269F-4851-B560-81ADD4E0CE77}.DebugFULL|Any CPU.ActiveCfg = Debug|Any CPU
		{1D103332-269F-4851-B560-81ADD4E0CE77}.DebugFULL|Any CPU.Build.0 = Debug|Any CPU
		{1D103332-269F-4851-B560-81ADD4E0CE77}.DebugFULL|x64.ActiveCfg = Debug|x64
		{1D103332-269F-4851-B560-81ADD4E0CE77}.DebugFULL|x64.Build.0 = Debug|x64
		{1D103332-269F-4851-B560-81ADD4E0CE77}.DebugFULL|x86.ActiveCfg = Debug|x86
		{1D103332-269F-4851-B560-81ADD4E0CE77}.DebugFULL|x86.Build.0 = Debug|x86
		{1D103332-269F-4851-B560-81ADD4E0CE77}.Release|Any CPU.ActiveCfg = Release|Any CPU
		{1D103332-269F-4851-B560-81ADD4E0CE77}.Release|Any CPU.Build.0 = Release|Any CPU
		{1D103332-269F-4851-B560-81ADD4E0CE77}.Release|x64.ActiveCfg = Release|x64
		{1D103332-269F-4851-B560-81ADD4E0CE77}.Release|x64.Build.0 = Release|x64
		{1D103332-269F-4851-B560-81ADD4E0CE77}.Release|x86.ActiveCfg = Release|x86
		{1D103332-269F-4851-B560-81ADD4E0CE77}.Release|x86.Build.0 = Release|x86
		{126D2484-9DFA-4010-8747-A9B34CBDC172}.Debug|Any CPU.ActiveCfg = Debug|Any CPU
		{126D2484-9DFA-4010-8747-A9B34CBDC172}.Debug|Any CPU.Build.0 = Debug|Any CPU
		{126D2484-9DFA-4010-8747-A9B34CBDC172}.Debug|x64.ActiveCfg = Debug|Any CPU
		{126D2484-9DFA-4010-8747-A9B34CBDC172}.Debug|x64.Build.0 = Debug|Any CPU
		{126D2484-9DFA-4010-8747-A9B34CBDC172}.Debug|x86.ActiveCfg = Debug|Any CPU
		{126D2484-9DFA-4010-8747-A9B34CBDC172}.Debug|x86.Build.0 = Debug|Any CPU
		{126D2484-9DFA-4010-8747-A9B34CBDC172}.DebugDN|Any CPU.ActiveCfg = DebugDN|Any CPU
		{126D2484-9DFA-4010-8747-A9B34CBDC172}.DebugDN|Any CPU.Build.0 = DebugDN|Any CPU
		{126D2484-9DFA-4010-8747-A9B34CBDC172}.DebugDN|x64.ActiveCfg = DebugDN|Any CPU
		{126D2484-9DFA-4010-8747-A9B34CBDC172}.DebugDN|x64.Build.0 = DebugDN|Any CPU
		{126D2484-9DFA-4010-8747-A9B34CBDC172}.DebugDN|x86.ActiveCfg = DebugDN|Any CPU
		{126D2484-9DFA-4010-8747-A9B34CBDC172}.DebugDN|x86.Build.0 = DebugDN|Any CPU
		{126D2484-9DFA-4010-8747-A9B34CBDC172}.DebugDNF|Any CPU.ActiveCfg = DebugDNF|Any CPU
		{126D2484-9DFA-4010-8747-A9B34CBDC172}.DebugDNF|Any CPU.Build.0 = DebugDNF|Any CPU
		{126D2484-9DFA-4010-8747-A9B34CBDC172}.DebugDNF|x64.ActiveCfg = DebugDNF|Any CPU
		{126D2484-9DFA-4010-8747-A9B34CBDC172}.DebugDNF|x64.Build.0 = DebugDNF|Any CPU
		{126D2484-9DFA-4010-8747-A9B34CBDC172}.DebugDNF|x86.ActiveCfg = DebugDNF|Any CPU
		{126D2484-9DFA-4010-8747-A9B34CBDC172}.DebugDNF|x86.Build.0 = DebugDNF|Any CPU
		{126D2484-9DFA-4010-8747-A9B34CBDC172}.DebugDotNetFramework|Any CPU.ActiveCfg = DebugDotNetFramework|Any CPU
		{126D2484-9DFA-4010-8747-A9B34CBDC172}.DebugDotNetFramework|Any CPU.Build.0 = DebugDotNetFramework|Any CPU
		{126D2484-9DFA-4010-8747-A9B34CBDC172}.DebugDotNetFramework|x64.ActiveCfg = DebugDotNetFramework|Any CPU
		{126D2484-9DFA-4010-8747-A9B34CBDC172}.DebugDotNetFramework|x64.Build.0 = DebugDotNetFramework|Any CPU
		{126D2484-9DFA-4010-8747-A9B34CBDC172}.DebugDotNetFramework|x86.ActiveCfg = DebugDotNetFramework|Any CPU
		{126D2484-9DFA-4010-8747-A9B34CBDC172}.DebugDotNetFramework|x86.Build.0 = DebugDotNetFramework|Any CPU
		{126D2484-9DFA-4010-8747-A9B34CBDC172}.DebugFULL|Any CPU.ActiveCfg = DebugFULL|Any CPU
		{126D2484-9DFA-4010-8747-A9B34CBDC172}.DebugFULL|Any CPU.Build.0 = DebugFULL|Any CPU
		{126D2484-9DFA-4010-8747-A9B34CBDC172}.DebugFULL|x64.ActiveCfg = DebugFULL|Any CPU
		{126D2484-9DFA-4010-8747-A9B34CBDC172}.DebugFULL|x64.Build.0 = DebugFULL|Any CPU
		{126D2484-9DFA-4010-8747-A9B34CBDC172}.DebugFULL|x86.ActiveCfg = DebugFULL|Any CPU
		{126D2484-9DFA-4010-8747-A9B34CBDC172}.DebugFULL|x86.Build.0 = DebugFULL|Any CPU
		{126D2484-9DFA-4010-8747-A9B34CBDC172}.Release|Any CPU.ActiveCfg = Release|Any CPU
		{126D2484-9DFA-4010-8747-A9B34CBDC172}.Release|Any CPU.Build.0 = Release|Any CPU
		{126D2484-9DFA-4010-8747-A9B34CBDC172}.Release|x64.ActiveCfg = Release|Any CPU
		{126D2484-9DFA-4010-8747-A9B34CBDC172}.Release|x64.Build.0 = Release|Any CPU
		{126D2484-9DFA-4010-8747-A9B34CBDC172}.Release|x86.ActiveCfg = Release|Any CPU
		{126D2484-9DFA-4010-8747-A9B34CBDC172}.Release|x86.Build.0 = Release|Any CPU
		{E53DDEB4-EB98-4AED-B1C5-F5E071758D2E}.Debug|Any CPU.ActiveCfg = Debug|Any CPU
		{E53DDEB4-EB98-4AED-B1C5-F5E071758D2E}.Debug|Any CPU.Build.0 = Debug|Any CPU
		{E53DDEB4-EB98-4AED-B1C5-F5E071758D2E}.Debug|x64.ActiveCfg = Debug|Any CPU
		{E53DDEB4-EB98-4AED-B1C5-F5E071758D2E}.Debug|x64.Build.0 = Debug|Any CPU
		{E53DDEB4-EB98-4AED-B1C5-F5E071758D2E}.Debug|x86.ActiveCfg = Debug|Any CPU
		{E53DDEB4-EB98-4AED-B1C5-F5E071758D2E}.Debug|x86.Build.0 = Debug|Any CPU
		{E53DDEB4-EB98-4AED-B1C5-F5E071758D2E}.DebugDN|Any CPU.ActiveCfg = Debug|Any CPU
		{E53DDEB4-EB98-4AED-B1C5-F5E071758D2E}.DebugDN|Any CPU.Build.0 = Debug|Any CPU
		{E53DDEB4-EB98-4AED-B1C5-F5E071758D2E}.DebugDN|x64.ActiveCfg = Debug|Any CPU
		{E53DDEB4-EB98-4AED-B1C5-F5E071758D2E}.DebugDN|x64.Build.0 = Debug|Any CPU
		{E53DDEB4-EB98-4AED-B1C5-F5E071758D2E}.DebugDN|x86.ActiveCfg = Debug|Any CPU
		{E53DDEB4-EB98-4AED-B1C5-F5E071758D2E}.DebugDN|x86.Build.0 = Debug|Any CPU
		{E53DDEB4-EB98-4AED-B1C5-F5E071758D2E}.DebugDNF|Any CPU.ActiveCfg = Debug|Any CPU
		{E53DDEB4-EB98-4AED-B1C5-F5E071758D2E}.DebugDNF|Any CPU.Build.0 = Debug|Any CPU
		{E53DDEB4-EB98-4AED-B1C5-F5E071758D2E}.DebugDNF|x64.ActiveCfg = Debug|Any CPU
		{E53DDEB4-EB98-4AED-B1C5-F5E071758D2E}.DebugDNF|x64.Build.0 = Debug|Any CPU
		{E53DDEB4-EB98-4AED-B1C5-F5E071758D2E}.DebugDNF|x86.ActiveCfg = Debug|Any CPU
		{E53DDEB4-EB98-4AED-B1C5-F5E071758D2E}.DebugDNF|x86.Build.0 = Debug|Any CPU
		{E53DDEB4-EB98-4AED-B1C5-F5E071758D2E}.DebugDotNetFramework|Any CPU.ActiveCfg = Debug|Any CPU
		{E53DDEB4-EB98-4AED-B1C5-F5E071758D2E}.DebugDotNetFramework|Any CPU.Build.0 = Debug|Any CPU
		{E53DDEB4-EB98-4AED-B1C5-F5E071758D2E}.DebugDotNetFramework|x64.ActiveCfg = Debug|Any CPU
		{E53DDEB4-EB98-4AED-B1C5-F5E071758D2E}.DebugDotNetFramework|x64.Build.0 = Debug|Any CPU
		{E53DDEB4-EB98-4AED-B1C5-F5E071758D2E}.DebugDotNetFramework|x86.ActiveCfg = Debug|Any CPU
		{E53DDEB4-EB98-4AED-B1C5-F5E071758D2E}.DebugDotNetFramework|x86.Build.0 = Debug|Any CPU
		{E53DDEB4-EB98-4AED-B1C5-F5E071758D2E}.DebugFULL|Any CPU.ActiveCfg = Debug|Any CPU
		{E53DDEB4-EB98-4AED-B1C5-F5E071758D2E}.DebugFULL|Any CPU.Build.0 = Debug|Any CPU
		{E53DDEB4-EB98-4AED-B1C5-F5E071758D2E}.DebugFULL|x64.ActiveCfg = Debug|Any CPU
		{E53DDEB4-EB98-4AED-B1C5-F5E071758D2E}.DebugFULL|x64.Build.0 = Debug|Any CPU
		{E53DDEB4-EB98-4AED-B1C5-F5E071758D2E}.DebugFULL|x86.ActiveCfg = Debug|Any CPU
		{E53DDEB4-EB98-4AED-B1C5-F5E071758D2E}.DebugFULL|x86.Build.0 = Debug|Any CPU
		{E53DDEB4-EB98-4AED-B1C5-F5E071758D2E}.Release|Any CPU.ActiveCfg = Release|Any CPU
		{E53DDEB4-EB98-4AED-B1C5-F5E071758D2E}.Release|Any CPU.Build.0 = Release|Any CPU
		{E53DDEB4-EB98-4AED-B1C5-F5E071758D2E}.Release|x64.ActiveCfg = Release|Any CPU
		{E53DDEB4-EB98-4AED-B1C5-F5E071758D2E}.Release|x64.Build.0 = Release|Any CPU
		{E53DDEB4-EB98-4AED-B1C5-F5E071758D2E}.Release|x86.ActiveCfg = Release|Any CPU
		{E53DDEB4-EB98-4AED-B1C5-F5E071758D2E}.Release|x86.Build.0 = Release|Any CPU
	EndGlobalSection
	GlobalSection(SolutionProperties) = preSolution
		HideSolutionNode = FALSE
	EndGlobalSection
	GlobalSection(ExtensibilityGlobals) = postSolution
		SolutionGuid = {5E98A999-CF18-4D2E-ADBE-787BA1416E5A}
	EndGlobalSection
EndGlobal
